
Microsoft Visual Studio Solution File, Format Version 12.00
# Visual Studio Version 17
VisualStudioVersion = 17.6.33815.320
MinimumVisualStudioVersion = 10.0.40219.1
Project("{FAE04EC0-301F-11D3-BF4B-00C04F79EFBC}") = "KATALOG", "KATALOG\KATALOG.csproj", "{3EEFF0F4-985E-448E-9A64-3358DA499494}"
EndProject
Global
	GlobalSection(SolutionConfigurationPlatforms) = preSolution
		Debug|Any CPU = Debug|Any CPU
		Release|Any CPU = Release|Any CPU
	EndGlobalSection
	GlobalSection(ProjectConfigurationPlatforms) = postSolution
		{3EEFF0F4-985E-448E-9A64-3358DA499494}.Debug|Any CPU.ActiveCfg = Debug|Any CPU
		{3EEFF0F4-985E-448E-9A64-3358DA499494}.Debug|Any CPU.Build.0 = Debug|Any CPU
		{3EEFF0F4-985E-448E-9A64-3358DA499494}.Release|Any CPU.ActiveCfg = Release|Any CPU
		{3EEFF0F4-985E-448E-9A64-3358DA499494}.Release|Any CPU.Build.0 = Release|Any CPU
	EndGlobalSection
	GlobalSection(SolutionProperties) = preSolution
		HideSolutionNode = FALSE
	EndGlobalSection
	GlobalSection(ExtensibilityGlobals) = postSolution
		SolutionGuid = {1F86077E-ADCF-47A6-AAAD-D13CE5B47B2C}
	EndGlobalSection
EndGlobal
